
Microsoft Visual Studio Solution File, Format Version 11.00
# Visual Studio 2010
Project("{FAE04EC0-301F-11D3-BF4B-00C04F79EFBC}") = "UnityARKitTest", "Assembly-CSharp.csproj", "{36359D97-7BE1-1A42-0294-A971487EF9BF}"
EndProject
Project("{FAE04EC0-301F-11D3-BF4B-00C04F79EFBC}") = "UnityARKitTest", "Assembly-CSharp-Editor.csproj", "{85316AB8-510E-85B5-6743-DD1B69A9F012}"
EndProject
Global
	GlobalSection(SolutionConfigurationPlatforms) = preSolution
		Debug|Any CPU = Debug|Any CPU
		Release|Any CPU = Release|Any CPU
	EndGlobalSection
	GlobalSection(ProjectConfigurationPlatforms) = postSolution
		{36359D97-7BE1-1A42-0294-A971487EF9BF}.Debug|Any CPU.ActiveCfg = Debug|Any CPU
		{36359D97-7BE1-1A42-0294-A971487EF9BF}.Debug|Any CPU.Build.0 = Debug|Any CPU
		{36359D97-7BE1-1A42-0294-A971487EF9BF}.Release|Any CPU.ActiveCfg = Release|Any CPU
		{36359D97-7BE1-1A42-0294-A971487EF9BF}.Release|Any CPU.Build.0 = Release|Any CPU
		{85316AB8-510E-85B5-6743-DD1B69A9F012}.Debug|Any CPU.ActiveCfg = Debug|Any CPU
		{85316AB8-510E-85B5-6743-DD1B69A9F012}.Debug|Any CPU.Build.0 = Debug|Any CPU
		{85316AB8-510E-85B5-6743-DD1B69A9F012}.Release|Any CPU.ActiveCfg = Release|Any CPU
		{85316AB8-510E-85B5-6743-DD1B69A9F012}.Release|Any CPU.Build.0 = Release|Any CPU
	EndGlobalSection
	GlobalSection(SolutionProperties) = preSolution
		HideSolutionNode = FALSE
	EndGlobalSection
	GlobalSection(MonoDevelopProperties) = preSolution
		StartupItem = Assembly-CSharp.csproj
	EndGlobalSection
EndGlobal
